
Microsoft Visual Studio Solution File, Format Version 12.00
# Visual Studio 2017
Project("{FAE04EC0-301F-11D3-BF4B-00C04F79EFBC}") = "S.O.R.T", "S.O.R.T.csproj", "{7835CD72-E2F5-A08A-CA54-BA1916199FB6}"
EndProject
Project("{FAE04EC0-301F-11D3-BF4B-00C04F79EFBC}") = "S.O.R.T.Plugins", "S.O.R.T.Plugins.csproj", "{A7E58D4F-02B5-21F7-91CC-0460202CA958}"
EndProject
Project("{FAE04EC0-301F-11D3-BF4B-00C04F79EFBC}") = "S.O.R.T.Editor.Plugins", "S.O.R.T.Editor.Plugins.csproj", "{B9F6C0E6-B26D-842B-FB3B-91C717E8BC57}"
EndProject
Global
	GlobalSection(SolutionConfigurationPlatforms) = preSolution
		Debug|Any CPU = Debug|Any CPU
		Release|Any CPU = Release|Any CPU
	EndGlobalSection
	GlobalSection(ProjectConfigurationPlatforms) = postSolution
		{7835CD72-E2F5-A08A-CA54-BA1916199FB6}.Debug|Any CPU.ActiveCfg = Debug|Any CPU
		{7835CD72-E2F5-A08A-CA54-BA1916199FB6}.Debug|Any CPU.Build.0 = Debug|Any CPU
		{7835CD72-E2F5-A08A-CA54-BA1916199FB6}.Release|Any CPU.ActiveCfg = Release|Any CPU
		{7835CD72-E2F5-A08A-CA54-BA1916199FB6}.Release|Any CPU.Build.0 = Release|Any CPU
		{A7E58D4F-02B5-21F7-91CC-0460202CA958}.Debug|Any CPU.ActiveCfg = Debug|Any CPU
		{A7E58D4F-02B5-21F7-91CC-0460202CA958}.Debug|Any CPU.Build.0 = Debug|Any CPU
		{A7E58D4F-02B5-21F7-91CC-0460202CA958}.Release|Any CPU.ActiveCfg = Release|Any CPU
		{A7E58D4F-02B5-21F7-91CC-0460202CA958}.Release|Any CPU.Build.0 = Release|Any CPU
		{B9F6C0E6-B26D-842B-FB3B-91C717E8BC57}.Debug|Any CPU.ActiveCfg = Debug|Any CPU
		{B9F6C0E6-B26D-842B-FB3B-91C717E8BC57}.Debug|Any CPU.Build.0 = Debug|Any CPU
		{B9F6C0E6-B26D-842B-FB3B-91C717E8BC57}.Release|Any CPU.ActiveCfg = Release|Any CPU
		{B9F6C0E6-B26D-842B-FB3B-91C717E8BC57}.Release|Any CPU.Build.0 = Release|Any CPU
	EndGlobalSection
	GlobalSection(SolutionProperties) = preSolution
		HideSolutionNode = FALSE
	EndGlobalSection
EndGlobal
